
Microsoft Visual Studio Solution File, Format Version 12.00
# Visual Studio Version 16
VisualStudioVersion = 16.0.29001.49
MinimumVisualStudioVersion = 10.0.40219.1
Project("{FAE04EC0-301F-11D3-BF4B-00C04F79EFBC}") = "program3_winforms", "program3_winforms\program3_winforms.csproj", "{89731CA3-E13F-452D-8BD1-25C8F45E296B}"
EndProject
Global
	GlobalSection(SolutionConfigurationPlatforms) = preSolution
		Debug|Any CPU = Debug|Any CPU
		Release|Any CPU = Release|Any CPU
	EndGlobalSection
	GlobalSection(ProjectConfigurationPlatforms) = postSolution
		{89731CA3-E13F-452D-8BD1-25C8F45E296B}.Debug|Any CPU.ActiveCfg = Debug|Any CPU
		{89731CA3-E13F-452D-8BD1-25C8F45E296B}.Debug|Any CPU.Build.0 = Debug|Any CPU
		{89731CA3-E13F-452D-8BD1-25C8F45E296B}.Release|Any CPU.ActiveCfg = Release|Any CPU
		{89731CA3-E13F-452D-8BD1-25C8F45E296B}.Release|Any CPU.Build.0 = Release|Any CPU
	EndGlobalSection
	GlobalSection(SolutionProperties) = preSolution
		HideSolutionNode = FALSE
	EndGlobalSection
	GlobalSection(ExtensibilityGlobals) = postSolution
		SolutionGuid = {70E10143-2339-4B0D-B292-4295CE56355C}
	EndGlobalSection
EndGlobal
